
Microsoft Visual Studio Solution File, Format Version 12.00
# Visual Studio Version 16
VisualStudioVersion = 16.0.29609.76
MinimumVisualStudioVersion = 10.0.40219.1
Project("{FAE04EC0-301F-11D3-BF4B-00C04F79EFBC}") = "LCContainerWithMostWater", "LCContainerWithMostWater\LCContainerWithMostWater.csproj", "{855886C0-E1F4-4F55-973A-70FD313DEC90}"
EndProject
Global
	GlobalSection(SolutionConfigurationPlatforms) = preSolution
		Debug|Any CPU = Debug|Any CPU
		Release|Any CPU = Release|Any CPU
	EndGlobalSection
	GlobalSection(ProjectConfigurationPlatforms) = postSolution
		{855886C0-E1F4-4F55-973A-70FD313DEC90}.Debug|Any CPU.ActiveCfg = Debug|Any CPU
		{855886C0-E1F4-4F55-973A-70FD313DEC90}.Debug|Any CPU.Build.0 = Debug|Any CPU
		{855886C0-E1F4-4F55-973A-70FD313DEC90}.Release|Any CPU.ActiveCfg = Release|Any CPU
		{855886C0-E1F4-4F55-973A-70FD313DEC90}.Release|Any CPU.Build.0 = Release|Any CPU
	EndGlobalSection
	GlobalSection(SolutionProperties) = preSolution
		HideSolutionNode = FALSE
	EndGlobalSection
	GlobalSection(ExtensibilityGlobals) = postSolution
		SolutionGuid = {D4D78D87-BEDC-483E-B1DA-E5D1614AC971}
	EndGlobalSection
EndGlobal
